// !$*UTF8*$!
{
	archiveVersion = 1;
	classes = {
	};
	objectVersion = 55;
	objects = {

/* Begin PBXBuildFile section */
		049FB607280F56EC005E07E3 /* MainScreenTabBarViewController.swift in Sources */ = {isa = PBXBuildFile; fileRef = 049FB606280F56EC005E07E3 /* MainScreenTabBarViewController.swift */; };
		049FB608280F56EC005E07E3 /* MainScreenTabBarViewController.swift in Sources */ = {isa = PBXBuildFile; fileRef = 049FB606280F56EC005E07E3 /* MainScreenTabBarViewController.swift */; };
		049FB60A280F5712005E07E3 /* TobayTaskViewController.swift in Sources */ = {isa = PBXBuildFile; fileRef = 049FB609280F5712005E07E3 /* TobayTaskViewController.swift */; };
		049FB60B280F5712005E07E3 /* TobayTaskViewController.swift in Sources */ = {isa = PBXBuildFile; fileRef = 049FB609280F5712005E07E3 /* TobayTaskViewController.swift */; };
		049FB60D280F5731005E07E3 /* MonthTaskViewController.swift in Sources */ = {isa = PBXBuildFile; fileRef = 049FB60C280F5731005E07E3 /* MonthTaskViewController.swift */; };
		049FB60E280F5731005E07E3 /* MonthTaskViewController.swift in Sources */ = {isa = PBXBuildFile; fileRef = 049FB60C280F5731005E07E3 /* MonthTaskViewController.swift */; };
		049FB610280F5746005E07E3 /* DetailsTaskViewController.swift in Sources */ = {isa = PBXBuildFile; fileRef = 049FB60F280F5746005E07E3 /* DetailsTaskViewController.swift */; };
		049FB611280F5746005E07E3 /* DetailsTaskViewController.swift in Sources */ = {isa = PBXBuildFile; fileRef = 049FB60F280F5746005E07E3 /* DetailsTaskViewController.swift */; };
		049FB613280F7199005E07E3 /* TableViewCell.swift in Sources */ = {isa = PBXBuildFile; fileRef = 049FB612280F7198005E07E3 /* TableViewCell.swift */; };
		049FB614280F7199005E07E3 /* TableViewCell.swift in Sources */ = {isa = PBXBuildFile; fileRef = 049FB612280F7198005E07E3 /* TableViewCell.swift */; };
		049FB68E28100955005E07E3 /* EditTaskViewController.swift in Sources */ = {isa = PBXBuildFile; fileRef = 049FB68D28100955005E07E3 /* EditTaskViewController.swift */; };
		049FB68F28100955005E07E3 /* EditTaskViewController.swift in Sources */ = {isa = PBXBuildFile; fileRef = 049FB68D28100955005E07E3 /* EditTaskViewController.swift */; };
		847B5491280DA1F500B315F4 /* OnboardingViewController+extension.swift in Sources */ = {isa = PBXBuildFile; fileRef = 847B5490280DA1F500B315F4 /* OnboardingViewController+extension.swift */; };
		847B5493280DBD5C00B315F4 /* AddTaskViewController.swift in Sources */ = {isa = PBXBuildFile; fileRef = 847B5492280DBD5C00B315F4 /* AddTaskViewController.swift */; };
		847B5497280DBEC400B315F4 /* OnboardingViewController.swift in Sources */ = {isa = PBXBuildFile; fileRef = 847B5496280DBEC400B315F4 /* OnboardingViewController.swift */; };
		847B5499280DBF4300B315F4 /* AddTaskViewController+extension.swift in Sources */ = {isa = PBXBuildFile; fileRef = 847B5498280DBF4300B315F4 /* AddTaskViewController+extension.swift */; };
		849EB257280AC2BA00CA552B /* AppDelegate.swift in Sources */ = {isa = PBXBuildFile; fileRef = 849EB256280AC2BA00CA552B /* AppDelegate.swift */; };
		849EB259280AC2BA00CA552B /* SceneDelegate.swift in Sources */ = {isa = PBXBuildFile; fileRef = 849EB258280AC2BA00CA552B /* SceneDelegate.swift */; };
		849EB25B280AC2BA00CA552B /* ViewController.swift in Sources */ = {isa = PBXBuildFile; fileRef = 849EB25A280AC2BA00CA552B /* ViewController.swift */; };
		849EB260280AC2BC00CA552B /* Assets.xcassets in Resources */ = {isa = PBXBuildFile; fileRef = 849EB25F280AC2BC00CA552B /* Assets.xcassets */; };
		849EB263280AC2BC00CA552B /* LaunchScreen.storyboard in Resources */ = {isa = PBXBuildFile; fileRef = 849EB261280AC2BC00CA552B /* LaunchScreen.storyboard */; };
		849EB26E280AC2BC00CA552B /* SuperTodoListTests.swift in Sources */ = {isa = PBXBuildFile; fileRef = 849EB26D280AC2BC00CA552B /* SuperTodoListTests.swift */; };
/* End PBXBuildFile section */

/* Begin PBXContainerItemProxy section */
		849EB26A280AC2BC00CA552B /* PBXContainerItemProxy */ = {
			isa = PBXContainerItemProxy;
			containerPortal = 849EB24B280AC2BA00CA552B /* Project object */;
			proxyType = 1;
			remoteGlobalIDString = 849EB252280AC2BA00CA552B;
			remoteInfo = SuperTodoList;
		};
/* End PBXContainerItemProxy section */

/* Begin PBXFileReference section */
		049FB606280F56EC005E07E3 /* MainScreenTabBarViewController.swift */ = {isa = PBXFileReference; lastKnownFileType = sourcecode.swift; path = MainScreenTabBarViewController.swift; sourceTree = "<group>"; };
		049FB609280F5712005E07E3 /* TobayTaskViewController.swift */ = {isa = PBXFileReference; lastKnownFileType = sourcecode.swift; path = TobayTaskViewController.swift; sourceTree = "<group>"; };
		049FB60C280F5731005E07E3 /* MonthTaskViewController.swift */ = {isa = PBXFileReference; lastKnownFileType = sourcecode.swift; path = MonthTaskViewController.swift; sourceTree = "<group>"; };
		049FB60F280F5746005E07E3 /* DetailsTaskViewController.swift */ = {isa = PBXFileReference; lastKnownFileType = sourcecode.swift; path = DetailsTaskViewController.swift; sourceTree = "<group>"; };
		049FB612280F7198005E07E3 /* TableViewCell.swift */ = {isa = PBXFileReference; lastKnownFileType = sourcecode.swift; path = TableViewCell.swift; sourceTree = "<group>"; };
		049FB68D28100955005E07E3 /* EditTaskViewController.swift */ = {isa = PBXFileReference; lastKnownFileType = sourcecode.swift; path = EditTaskViewController.swift; sourceTree = "<group>"; };
		847B5490280DA1F500B315F4 /* OnboardingViewController+extension.swift */ = {isa = PBXFileReference; lastKnownFileType = sourcecode.swift; path = "OnboardingViewController+extension.swift"; sourceTree = "<group>"; };
		847B5492280DBD5C00B315F4 /* AddTaskViewController.swift */ = {isa = PBXFileReference; lastKnownFileType = sourcecode.swift; path = AddTaskViewController.swift; sourceTree = "<group>"; };
		847B5496280DBEC400B315F4 /* OnboardingViewController.swift */ = {isa = PBXFileReference; lastKnownFileType = sourcecode.swift; path = OnboardingViewController.swift; sourceTree = "<group>"; };
		847B5498280DBF4300B315F4 /* AddTaskViewController+extension.swift */ = {isa = PBXFileReference; lastKnownFileType = sourcecode.swift; path = "AddTaskViewController+extension.swift"; sourceTree = "<group>"; };
		849EB253280AC2BA00CA552B /* SuperTodoList.app */ = {isa = PBXFileReference; explicitFileType = wrapper.application; includeInIndex = 0; path = SuperTodoList.app; sourceTree = BUILT_PRODUCTS_DIR; };
		849EB256280AC2BA00CA552B /* AppDelegate.swift */ = {isa = PBXFileReference; lastKnownFileType = sourcecode.swift; path = AppDelegate.swift; sourceTree = "<group>"; };
		849EB258280AC2BA00CA552B /* SceneDelegate.swift */ = {isa = PBXFileReference; lastKnownFileType = sourcecode.swift; path = SceneDelegate.swift; sourceTree = "<group>"; };
		849EB25A280AC2BA00CA552B /* ViewController.swift */ = {isa = PBXFileReference; lastKnownFileType = sourcecode.swift; path = ViewController.swift; sourceTree = "<group>"; };
		849EB25F280AC2BC00CA552B /* Assets.xcassets */ = {isa = PBXFileReference; lastKnownFileType = folder.assetcatalog; path = Assets.xcassets; sourceTree = "<group>"; };
		849EB262280AC2BC00CA552B /* Base */ = {isa = PBXFileReference; lastKnownFileType = file.storyboard; name = Base; path = Base.lproj/LaunchScreen.storyboard; sourceTree = "<group>"; };
		849EB264280AC2BC00CA552B /* Info.plist */ = {isa = PBXFileReference; lastKnownFileType = text.plist.xml; path = Info.plist; sourceTree = "<group>"; };
		849EB269280AC2BC00CA552B /* SuperTodoListTests.xctest */ = {isa = PBXFileReference; explicitFileType = wrapper.cfbundle; includeInIndex = 0; path = SuperTodoListTests.xctest; sourceTree = BUILT_PRODUCTS_DIR; };
		849EB26D280AC2BC00CA552B /* SuperTodoListTests.swift */ = {isa = PBXFileReference; lastKnownFileType = sourcecode.swift; path = SuperTodoListTests.swift; sourceTree = "<group>"; };
/* End PBXFileReference section */

/* Begin PBXFrameworksBuildPhase section */
		849EB250280AC2BA00CA552B /* Frameworks */ = {
			isa = PBXFrameworksBuildPhase;
			buildActionMask = 2147483647;
			files = (
			);
			runOnlyForDeploymentPostprocessing = 0;
		};
		849EB266280AC2BC00CA552B /* Frameworks */ = {
			isa = PBXFrameworksBuildPhase;
			buildActionMask = 2147483647;
			files = (
			);
			runOnlyForDeploymentPostprocessing = 0;
		};
/* End PBXFrameworksBuildPhase section */

/* Begin PBXGroup section */
		849EB24A280AC2BA00CA552B = {
			isa = PBXGroup;
			children = (
				849EB255280AC2BA00CA552B /* SuperTodoList */,
				849EB26C280AC2BC00CA552B /* SuperTodoListTests */,
				849EB254280AC2BA00CA552B /* Products */,
			);
			sourceTree = "<group>";
		};
		849EB254280AC2BA00CA552B /* Products */ = {
			isa = PBXGroup;
			children = (
				849EB253280AC2BA00CA552B /* SuperTodoList.app */,
				849EB269280AC2BC00CA552B /* SuperTodoListTests.xctest */,
			);
			name = Products;
			sourceTree = "<group>";
		};
		849EB255280AC2BA00CA552B /* SuperTodoList */ = {
			isa = PBXGroup;
			children = (
				849EB256280AC2BA00CA552B /* AppDelegate.swift */,
				849EB258280AC2BA00CA552B /* SceneDelegate.swift */,
				049FB609280F5712005E07E3 /* TobayTaskViewController.swift */,
				049FB612280F7198005E07E3 /* TableViewCell.swift */,
				049FB606280F56EC005E07E3 /* MainScreenTabBarViewController.swift */,
				049FB60C280F5731005E07E3 /* MonthTaskViewController.swift */,
				049FB60F280F5746005E07E3 /* DetailsTaskViewController.swift */,
				049FB68D28100955005E07E3 /* EditTaskViewController.swift */,
				849EB25A280AC2BA00CA552B /* ViewController.swift */,
				847B5496280DBEC400B315F4 /* OnboardingViewController.swift */,
				847B5490280DA1F500B315F4 /* OnboardingViewController+extension.swift */,
				847B5492280DBD5C00B315F4 /* AddTaskViewController.swift */,
				847B5498280DBF4300B315F4 /* AddTaskViewController+extension.swift */,
				849EB25F280AC2BC00CA552B /* Assets.xcassets */,
				849EB261280AC2BC00CA552B /* LaunchScreen.storyboard */,
				849EB264280AC2BC00CA552B /* Info.plist */,
			);
			path = SuperTodoList;
			sourceTree = "<group>";
		};
		849EB26C280AC2BC00CA552B /* SuperTodoListTests */ = {
			isa = PBXGroup;
			children = (
				849EB26D280AC2BC00CA552B /* SuperTodoListTests.swift */,
			);
			path = SuperTodoListTests;
			sourceTree = "<group>";
		};
/* End PBXGroup section */

/* Begin PBXNativeTarget section */
		849EB252280AC2BA00CA552B /* SuperTodoList */ = {
			isa = PBXNativeTarget;
			buildConfigurationList = 849EB27D280AC2BC00CA552B /* Build configuration list for PBXNativeTarget "SuperTodoList" */;
			buildPhases = (
				849EB24F280AC2BA00CA552B /* Sources */,
				849EB250280AC2BA00CA552B /* Frameworks */,
				849EB251280AC2BA00CA552B /* Resources */,
			);
			buildRules = (
			);
			dependencies = (
			);
			name = SuperTodoList;
			productName = SuperTodoList;
			productReference = 849EB253280AC2BA00CA552B /* SuperTodoList.app */;
			productType = "com.apple.product-type.application";
		};
		849EB268280AC2BC00CA552B /* SuperTodoListTests */ = {
			isa = PBXNativeTarget;
			buildConfigurationList = 849EB280280AC2BC00CA552B /* Build configuration list for PBXNativeTarget "SuperTodoListTests" */;
			buildPhases = (
				849EB265280AC2BC00CA552B /* Sources */,
				849EB266280AC2BC00CA552B /* Frameworks */,
				849EB267280AC2BC00CA552B /* Resources */,
			);
			buildRules = (
			);
			dependencies = (
				849EB26B280AC2BC00CA552B /* PBXTargetDependency */,
			);
			name = SuperTodoListTests;
			productName = SuperTodoListTests;
			productReference = 849EB269280AC2BC00CA552B /* SuperTodoListTests.xctest */;
			productType = "com.apple.product-type.bundle.unit-test";
		};
/* End PBXNativeTarget section */

/* Begin PBXProject section */
		849EB24B280AC2BA00CA552B /* Project object */ = {
			isa = PBXProject;
			attributes = {
				BuildIndependentTargetsInParallel = 1;
				LastSwiftUpdateCheck = 1330;
				LastUpgradeCheck = 1330;
				TargetAttributes = {
					849EB252280AC2BA00CA552B = {
						CreatedOnToolsVersion = 13.3;
					};
					849EB268280AC2BC00CA552B = {
						CreatedOnToolsVersion = 13.3;
						TestTargetID = 849EB252280AC2BA00CA552B;
					};
				};
			};
			buildConfigurationList = 849EB24E280AC2BA00CA552B /* Build configuration list for PBXProject "SuperTodoList" */;
			compatibilityVersion = "Xcode 13.0";
			developmentRegion = en;
			hasScannedForEncodings = 0;
			knownRegions = (
				en,
				Base,
			);
			mainGroup = 849EB24A280AC2BA00CA552B;
			productRefGroup = 849EB254280AC2BA00CA552B /* Products */;
			projectDirPath = "";
			projectRoot = "";
			targets = (
				849EB252280AC2BA00CA552B /* SuperTodoList */,
				849EB268280AC2BC00CA552B /* SuperTodoListTests */,
			);
		};
/* End PBXProject section */

/* Begin PBXResourcesBuildPhase section */
		849EB251280AC2BA00CA552B /* Resources */ = {
			isa = PBXResourcesBuildPhase;
			buildActionMask = 2147483647;
			files = (
				849EB263280AC2BC00CA552B /* LaunchScreen.storyboard in Resources */,
				849EB260280AC2BC00CA552B /* Assets.xcassets in Resources */,
			);
			runOnlyForDeploymentPostprocessing = 0;
		};
		849EB267280AC2BC00CA552B /* Resources */ = {
			isa = PBXResourcesBuildPhase;
			buildActionMask = 2147483647;
			files = (
			);
			runOnlyForDeploymentPostprocessing = 0;
		};
/* End PBXResourcesBuildPhase section */

/* Begin PBXSourcesBuildPhase section */
		849EB24F280AC2BA00CA552B /* Sources */ = {
			isa = PBXSourcesBuildPhase;
			buildActionMask = 2147483647;
			files = (
				049FB610280F5746005E07E3 /* DetailsTaskViewController.swift in Sources */,
				849EB25B280AC2BA00CA552B /* ViewController.swift in Sources */,
				847B5499280DBF4300B315F4 /* AddTaskViewController+extension.swift in Sources */,
				847B5497280DBEC400B315F4 /* OnboardingViewController.swift in Sources */,
				847B5491280DA1F500B315F4 /* OnboardingViewController+extension.swift in Sources */,
				049FB60D280F5731005E07E3 /* MonthTaskViewController.swift in Sources */,
				849EB257280AC2BA00CA552B /* AppDelegate.swift in Sources */,
				849EB259280AC2BA00CA552B /* SceneDelegate.swift in Sources */,
				049FB68E28100955005E07E3 /* EditTaskViewController.swift in Sources */,
				847B5493280DBD5C00B315F4 /* AddTaskViewController.swift in Sources */,
				049FB607280F56EC005E07E3 /* MainScreenTabBarViewController.swift in Sources */,
				049FB613280F7199005E07E3 /* TableViewCell.swift in Sources */,
				049FB60A280F5712005E07E3 /* TobayTaskViewController.swift in Sources */,
			);
			runOnlyForDeploymentPostprocessing = 0;
		};
		849EB265280AC2BC00CA552B /* Sources */ = {
			isa = PBXSourcesBuildPhase;
			buildActionMask = 2147483647;
			files = (
				049FB60E280F5731005E07E3 /* MonthTaskViewController.swift in Sources */,
				849EB26E280AC2BC00CA552B /* SuperTodoListTests.swift in Sources */,
				049FB611280F5746005E07E3 /* DetailsTaskViewController.swift in Sources */,
				049FB608280F56EC005E07E3 /* MainScreenTabBarViewController.swift in Sources */,
				049FB614280F7199005E07E3 /* TableViewCell.swift in Sources */,
				049FB68F28100955005E07E3 /* EditTaskViewController.swift in Sources */,
				049FB60B280F5712005E07E3 /* TobayTaskViewController.swift in Sources */,
			);
			runOnlyForDeploymentPostprocessing = 0;
		};
/* End PBXSourcesBuildPhase section */

/* Begin PBXTargetDependency section */
		849EB26B280AC2BC00CA552B /* PBXTargetDependency */ = {
			isa = PBXTargetDependency;
			target = 849EB252280AC2BA00CA552B /* SuperTodoList */;
			targetProxy = 849EB26A280AC2BC00CA552B /* PBXContainerItemProxy */;
		};
/* End PBXTargetDependency section */

/* Begin PBXVariantGroup section */
		849EB261280AC2BC00CA552B /* LaunchScreen.storyboard */ = {
			isa = PBXVariantGroup;
			children = (
				849EB262280AC2BC00CA552B /* Base */,
			);
			name = LaunchScreen.storyboard;
			sourceTree = "<group>";
		};
/* End PBXVariantGroup section */

/* Begin XCBuildConfiguration section */
		849EB27B280AC2BC00CA552B /* Debug */ = {
			isa = XCBuildConfiguration;
			buildSettings = {
				ALWAYS_SEARCH_USER_PATHS = NO;
				CLANG_ANALYZER_NONNULL = YES;
				CLANG_ANALYZER_NUMBER_OBJECT_CONVERSION = YES_AGGRESSIVE;
				CLANG_CXX_LANGUAGE_STANDARD = "gnu++17";
				CLANG_ENABLE_MODULES = YES;
				CLANG_ENABLE_OBJC_ARC = YES;
				CLANG_ENABLE_OBJC_WEAK = YES;
				CLANG_WARN_BLOCK_CAPTURE_AUTORELEASING = YES;
				CLANG_WARN_BOOL_CONVERSION = YES;
				CLANG_WARN_COMMA = YES;
				CLANG_WARN_CONSTANT_CONVERSION = YES;
				CLANG_WARN_DEPRECATED_OBJC_IMPLEMENTATIONS = YES;
				CLANG_WARN_DIRECT_OBJC_ISA_USAGE = YES_ERROR;
				CLANG_WARN_DOCUMENTATION_COMMENTS = YES;
				CLANG_WARN_EMPTY_BODY = YES;
				CLANG_WARN_ENUM_CONVERSION = YES;
				CLANG_WARN_INFINITE_RECURSION = YES;
				CLANG_WARN_INT_CONVERSION = YES;
				CLANG_WARN_NON_LITERAL_NULL_CONVERSION = YES;
				CLANG_WARN_OBJC_IMPLICIT_RETAIN_SELF = YES;
				CLANG_WARN_OBJC_LITERAL_CONVERSION = YES;
				CLANG_WARN_OBJC_ROOT_CLASS = YES_ERROR;
				CLANG_WARN_QUOTED_INCLUDE_IN_FRAMEWORK_HEADER = YES;
				CLANG_WARN_RANGE_LOOP_ANALYSIS = YES;
				CLANG_WARN_STRICT_PROTOTYPES = YES;
				CLANG_WARN_SUSPICIOUS_MOVE = YES;
				CLANG_WARN_UNGUARDED_AVAILABILITY = YES_AGGRESSIVE;
				CLANG_WARN_UNREACHABLE_CODE = YES;
				CLANG_WARN__DUPLICATE_METHOD_MATCH = YES;
				COPY_PHASE_STRIP = NO;
				DEBUG_INFORMATION_FORMAT = dwarf;
				ENABLE_STRICT_OBJC_MSGSEND = YES;
				ENABLE_TESTABILITY = YES;
				GCC_C_LANGUAGE_STANDARD = gnu11;
				GCC_DYNAMIC_NO_PIC = NO;
				GCC_NO_COMMON_BLOCKS = YES;
				GCC_OPTIMIZATION_LEVEL = 0;
				GCC_PREPROCESSOR_DEFINITIONS = (
					"DEBUG=1",
					"$(inherited)",
				);
				GCC_WARN_64_TO_32_BIT_CONVERSION = YES;
				GCC_WARN_ABOUT_RETURN_TYPE = YES_ERROR;
				GCC_WARN_UNDECLARED_SELECTOR = YES;
				GCC_WARN_UNINITIALIZED_AUTOS = YES_AGGRESSIVE;
				GCC_WARN_UNUSED_FUNCTION = YES;
				GCC_WARN_UNUSED_VARIABLE = YES;
				IPHONEOS_DEPLOYMENT_TARGET = 15.4;
				MTL_ENABLE_DEBUG_INFO = INCLUDE_SOURCE;
				MTL_FAST_MATH = YES;
				ONLY_ACTIVE_ARCH = YES;
				SDKROOT = iphoneos;
				SWIFT_ACTIVE_COMPILATION_CONDITIONS = DEBUG;
				SWIFT_OPTIMIZATION_LEVEL = "-Onone";
			};
			name = Debug;
		};
		849EB27C280AC2BC00CA552B /* Release */ = {
			isa = XCBuildConfiguration;
			buildSettings = {
				ALWAYS_SEARCH_USER_PATHS = NO;
				CLANG_ANALYZER_NONNULL = YES;
				CLANG_ANALYZER_NUMBER_OBJECT_CONVERSION = YES_AGGRESSIVE;
				CLANG_CXX_LANGUAGE_STANDARD = "gnu++17";
				CLANG_ENABLE_MODULES = YES;
				CLANG_ENABLE_OBJC_ARC = YES;
				CLANG_ENABLE_OBJC_WEAK = YES;
				CLANG_WARN_BLOCK_CAPTURE_AUTORELEASING = YES;
				CLANG_WARN_BOOL_CONVERSION = YES;
				CLANG_WARN_COMMA = YES;
				CLANG_WARN_CONSTANT_CONVERSION = YES;
				CLANG_WARN_DEPRECATED_OBJC_IMPLEMENTATIONS = YES;
				CLANG_WARN_DIRECT_OBJC_ISA_USAGE = YES_ERROR;
				CLANG_WARN_DOCUMENTATION_COMMENTS = YES;
				CLANG_WARN_EMPTY_BODY = YES;
				CLANG_WARN_ENUM_CONVERSION = YES;
				CLANG_WARN_INFINITE_RECURSION = YES;
				CLANG_WARN_INT_CONVERSION = YES;
				CLANG_WARN_NON_LITERAL_NULL_CONVERSION = YES;
				CLANG_WARN_OBJC_IMPLICIT_RETAIN_SELF = YES;
				CLANG_WARN_OBJC_LITERAL_CONVERSION = YES;
				CLANG_WARN_OBJC_ROOT_CLASS = YES_ERROR;
				CLANG_WARN_QUOTED_INCLUDE_IN_FRAMEWORK_HEADER = YES;
				CLANG_WARN_RANGE_LOOP_ANALYSIS = YES;
				CLANG_WARN_STRICT_PROTOTYPES = YES;
				CLANG_WARN_SUSPICIOUS_MOVE = YES;
				CLANG_WARN_UNGUARDED_AVAILABILITY = YES_AGGRESSIVE;
				CLANG_WARN_UNREACHABLE_CODE = YES;
				CLANG_WARN__DUPLICATE_METHOD_MATCH = YES;
				COPY_PHASE_STRIP = NO;
				DEBUG_INFORMATION_FORMAT = "dwarf-with-dsym";
				ENABLE_NS_ASSERTIONS = NO;
				ENABLE_STRICT_OBJC_MSGSEND = YES;
				GCC_C_LANGUAGE_STANDARD = gnu11;
				GCC_NO_COMMON_BLOCKS = YES;
				GCC_WARN_64_TO_32_BIT_CONVERSION = YES;
				GCC_WARN_ABOUT_RETURN_TYPE = YES_ERROR;
				GCC_WARN_UNDECLARED_SELECTOR = YES;
				GCC_WARN_UNINITIALIZED_AUTOS = YES_AGGRESSIVE;
				GCC_WARN_UNUSED_FUNCTION = YES;
				GCC_WARN_UNUSED_VARIABLE = YES;
				IPHONEOS_DEPLOYMENT_TARGET = 15.4;
				MTL_ENABLE_DEBUG_INFO = NO;
				MTL_FAST_MATH = YES;
				SDKROOT = iphoneos;
				SWIFT_COMPILATION_MODE = wholemodule;
				SWIFT_OPTIMIZATION_LEVEL = "-O";
				VALIDATE_PRODUCT = YES;
			};
			name = Release;
		};
		849EB27E280AC2BC00CA552B /* Debug */ = {
			isa = XCBuildConfiguration;
			buildSettings = {
				ASSETCATALOG_COMPILER_APPICON_NAME = AppIcon;
				ASSETCATALOG_COMPILER_GLOBAL_ACCENT_COLOR_NAME = AccentColor;
				CODE_SIGN_STYLE = Automatic;
				CURRENT_PROJECT_VERSION = 1;
				DEVELOPMENT_TEAM = U2UJF84RQD;
				GENERATE_INFOPLIST_FILE = YES;
				INFOPLIST_FILE = SuperTodoList/Info.plist;
				INFOPLIST_KEY_UIApplicationSupportsIndirectInputEvents = YES;
				INFOPLIST_KEY_UILaunchStoryboardName = LaunchScreen;
				INFOPLIST_KEY_UISupportedInterfaceOrientations_iPad = "UIInterfaceOrientationPortrait UIInterfaceOrientationPortraitUpsideDown UIInterfaceOrientationLandscapeLeft UIInterfaceOrientationLandscapeRight";
				INFOPLIST_KEY_UISupportedInterfaceOrientations_iPhone = "UIInterfaceOrientationPortrait UIInterfaceOrientationLandscapeLeft UIInterfaceOrientationLandscapeRight";
				LD_RUNPATH_SEARCH_PATHS = (
					"$(inherited)",
					"@executable_path/Frameworks",
				);
				MARKETING_VERSION = 1.0;
				PRODUCT_BUNDLE_IDENTIFIER = com.SuperTodoList;
				PRODUCT_NAME = "$(TARGET_NAME)";
				SWIFT_EMIT_LOC_STRINGS = YES;
				SWIFT_VERSION = 5.0;
				TARGETED_DEVICE_FAMILY = "1,2";
			};
			name = Debug;
		};
		849EB27F280AC2BC00CA552B /* Release */ = {
			isa = XCBuildConfiguration;
			buildSettings = {
				ASSETCATALOG_COMPILER_APPICON_NAME = AppIcon;
				ASSETCATALOG_COMPILER_GLOBAL_ACCENT_COLOR_NAME = AccentColor;
				CODE_SIGN_STYLE = Automatic;
				CURRENT_PROJECT_VERSION = 1;
				DEVELOPMENT_TEAM = U2UJF84RQD;
				GENERATE_INFOPLIST_FILE = YES;
				INFOPLIST_FILE = SuperTodoList/Info.plist;
				INFOPLIST_KEY_UIApplicationSupportsIndirectInputEvents = YES;
				INFOPLIST_KEY_UILaunchStoryboardName = LaunchScreen;
				INFOPLIST_KEY_UISupportedInterfaceOrientations_iPad = "UIInterfaceOrientationPortrait UIInterfaceOrientationPortraitUpsideDown UIInterfaceOrientationLandscapeLeft UIInterfaceOrientationLandscapeRight";
				INFOPLIST_KEY_UISupportedInterfaceOrientations_iPhone = "UIInterfaceOrientationPortrait UIInterfaceOrientationLandscapeLeft UIInterfaceOrientationLandscapeRight";
				LD_RUNPATH_SEARCH_PATHS = (
					"$(inherited)",
					"@executable_path/Frameworks",
				);
				MARKETING_VERSION = 1.0;
				PRODUCT_BUNDLE_IDENTIFIER = com.SuperTodoList;
				PRODUCT_NAME = "$(TARGET_NAME)";
				SWIFT_EMIT_LOC_STRINGS = YES;
				SWIFT_VERSION = 5.0;
				TARGETED_DEVICE_FAMILY = "1,2";
			};
			name = Release;
		};
		849EB281280AC2BC00CA552B /* Debug */ = {
			isa = XCBuildConfiguration;
			buildSettings = {
				ALWAYS_EMBED_SWIFT_STANDARD_LIBRARIES = YES;
				BUNDLE_LOADER = "$(TEST_HOST)";
				CODE_SIGN_STYLE = Automatic;
				CURRENT_PROJECT_VERSION = 1;
				DEVELOPMENT_TEAM = U2UJF84RQD;
				GENERATE_INFOPLIST_FILE = YES;
				IPHONEOS_DEPLOYMENT_TARGET = 15.4;
				MARKETING_VERSION = 1.0;
				PRODUCT_BUNDLE_IDENTIFIER = com.SuperTodoListTests;
				PRODUCT_NAME = "$(TARGET_NAME)";
				SWIFT_EMIT_LOC_STRINGS = NO;
				SWIFT_VERSION = 5.0;
				TARGETED_DEVICE_FAMILY = "1,2";
				TEST_HOST = "$(BUILT_PRODUCTS_DIR)/SuperTodoList.app/SuperTodoList";
			};
			name = Debug;
		};
		849EB282280AC2BC00CA552B /* Release */ = {
			isa = XCBuildConfiguration;
			buildSettings = {
				ALWAYS_EMBED_SWIFT_STANDARD_LIBRARIES = YES;
				BUNDLE_LOADER = "$(TEST_HOST)";
				CODE_SIGN_STYLE = Automatic;
				CURRENT_PROJECT_VERSION = 1;
				DEVELOPMENT_TEAM = U2UJF84RQD;
				GENERATE_INFOPLIST_FILE = YES;
				IPHONEOS_DEPLOYMENT_TARGET = 15.4;
				MARKETING_VERSION = 1.0;
				PRODUCT_BUNDLE_IDENTIFIER = com.SuperTodoListTests;
				PRODUCT_NAME = "$(TARGET_NAME)";
				SWIFT_EMIT_LOC_STRINGS = NO;
				SWIFT_VERSION = 5.0;
				TARGETED_DEVICE_FAMILY = "1,2";
				TEST_HOST = "$(BUILT_PRODUCTS_DIR)/SuperTodoList.app/SuperTodoList";
			};
			name = Release;
		};
/* End XCBuildConfiguration section */

/* Begin XCConfigurationList section */
		849EB24E280AC2BA00CA552B /* Build configuration list for PBXProject "SuperTodoList" */ = {
			isa = XCConfigurationList;
			buildConfigurations = (
				849EB27B280AC2BC00CA552B /* Debug */,
				849EB27C280AC2BC00CA552B /* Release */,
			);
			defaultConfigurationIsVisible = 0;
			defaultConfigurationName = Release;
		};
		849EB27D280AC2BC00CA552B /* Build configuration list for PBXNativeTarget "SuperTodoList" */ = {
			isa = XCConfigurationList;
			buildConfigurations = (
				849EB27E280AC2BC00CA552B /* Debug */,
				849EB27F280AC2BC00CA552B /* Release */,
			);
			defaultConfigurationIsVisible = 0;
			defaultConfigurationName = Release;
		};
		849EB280280AC2BC00CA552B /* Build configuration list for PBXNativeTarget "SuperTodoListTests" */ = {
			isa = XCConfigurationList;
			buildConfigurations = (
				849EB281280AC2BC00CA552B /* Debug */,
				849EB282280AC2BC00CA552B /* Release */,
			);
			defaultConfigurationIsVisible = 0;
			defaultConfigurationName = Release;
		};
/* End XCConfigurationList section */
	};
	rootObject = 849EB24B280AC2BA00CA552B /* Project object */;
}
